
Microsoft Visual Studio Solution File, Format Version 12.00
# Visual Studio Version 16
VisualStudioVersion = 16.0.29306.81
MinimumVisualStudioVersion = 10.0.40219.1
Project("{FAE04EC0-301F-11D3-BF4B-00C04F79EFBC}") = "Kolokiwum_2", "Kolokiwum_2.csproj", "{591DF87E-C2D2-4E99-8DE0-FD639800F6C7}"
EndProject
Global
	GlobalSection(SolutionConfigurationPlatforms) = preSolution
		Debug|Any CPU = Debug|Any CPU
		Release|Any CPU = Release|Any CPU
	EndGlobalSection
	GlobalSection(ProjectConfigurationPlatforms) = postSolution
		{591DF87E-C2D2-4E99-8DE0-FD639800F6C7}.Debug|Any CPU.ActiveCfg = Debug|Any CPU
		{591DF87E-C2D2-4E99-8DE0-FD639800F6C7}.Debug|Any CPU.Build.0 = Debug|Any CPU
		{591DF87E-C2D2-4E99-8DE0-FD639800F6C7}.Release|Any CPU.ActiveCfg = Release|Any CPU
		{591DF87E-C2D2-4E99-8DE0-FD639800F6C7}.Release|Any CPU.Build.0 = Release|Any CPU
	EndGlobalSection
	GlobalSection(SolutionProperties) = preSolution
		HideSolutionNode = FALSE
	EndGlobalSection
	GlobalSection(ExtensibilityGlobals) = postSolution
		SolutionGuid = {6000D377-567B-4EFF-8170-3D9D69738FFA}
	EndGlobalSection
EndGlobal
